
Microsoft Visual Studio Solution File, Format Version 12.00
# Visual Studio Version 17
VisualStudioVersion = 17.14.36811.4 d17.14
MinimumVisualStudioVersion = 10.0.40219.1
Project("{FAE04EC0-301F-11D3-BF4B-00C04F79EFBC}") = "project_2", "project_2.csproj", "{0FA11C9A-B38A-488B-B2BD-6948487E2C95}"
EndProject
Global
	GlobalSection(SolutionConfigurationPlatforms) = preSolution
		Debug|Any CPU = Debug|Any CPU
		Release|Any CPU = Release|Any CPU
	EndGlobalSection
	GlobalSection(ProjectConfigurationPlatforms) = postSolution
		{0FA11C9A-B38A-488B-B2BD-6948487E2C95}.Debug|Any CPU.ActiveCfg = Debug|Any CPU
		{0FA11C9A-B38A-488B-B2BD-6948487E2C95}.Debug|Any CPU.Build.0 = Debug|Any CPU
		{0FA11C9A-B38A-488B-B2BD-6948487E2C95}.Release|Any CPU.ActiveCfg = Release|Any CPU
		{0FA11C9A-B38A-488B-B2BD-6948487E2C95}.Release|Any CPU.Build.0 = Release|Any CPU
	EndGlobalSection
	GlobalSection(SolutionProperties) = preSolution
		HideSolutionNode = FALSE
	EndGlobalSection
	GlobalSection(ExtensibilityGlobals) = postSolution
		SolutionGuid = {E9E5B438-4BD1-4F20-8BCB-D664C380A96A}
	EndGlobalSection
EndGlobal
